
Microsoft Visual Studio Solution File, Format Version 12.00
# Visual Studio 15
VisualStudioVersion = 15.0.28307.329
MinimumVisualStudioVersion = 10.0.40219.1
Project("{DA7A21FA-8162-4350-AD77-A8D1B671F3ED}") = "fitt-houska", "fitt-houska.rxproj", "{6349E0D9-E749-4634-9191-B4CD837F91DB}"
EndProject
Global
	GlobalSection(SolutionConfigurationPlatforms) = preSolution
		Debug|Any CPU = Debug|Any CPU
		Release|Any CPU = Release|Any CPU
	EndGlobalSection
	GlobalSection(ProjectConfigurationPlatforms) = postSolution
		{6349E0D9-E749-4634-9191-B4CD837F91DB}.Debug|Any CPU.ActiveCfg = Debug|Any CPU
		{6349E0D9-E749-4634-9191-B4CD837F91DB}.Debug|Any CPU.Build.0 = Debug|Any CPU
		{6349E0D9-E749-4634-9191-B4CD837F91DB}.Release|Any CPU.ActiveCfg = Release|Any CPU
		{6349E0D9-E749-4634-9191-B4CD837F91DB}.Release|Any CPU.Build.0 = Release|Any CPU
	EndGlobalSection
	GlobalSection(SolutionProperties) = preSolution
		HideSolutionNode = FALSE
	EndGlobalSection
	GlobalSection(ExtensibilityGlobals) = postSolution
		SolutionGuid = {BEA40CDB-F8C3-44C1-98D8-87B112B79E9B}
	EndGlobalSection
EndGlobal
